
Microsoft Visual Studio Solution File, Format Version 12.00
# Visual Studio Version 17
VisualStudioVersion = 17.5.002.0
MinimumVisualStudioVersion = 10.0.40219.1
Project("{9A19103F-16F7-4668-BE54-9A1E7A4F7556}") = "Programacao_Orientada_Objetos_C#", "Programacao_Orientada_Objetos_C#.csproj", "{BB00D45C-9B3B-4A91-8C66-8A202B331D38}"
EndProject
Global
	GlobalSection(SolutionConfigurationPlatforms) = preSolution
		Debug|Any CPU = Debug|Any CPU
		Release|Any CPU = Release|Any CPU
	EndGlobalSection
	GlobalSection(ProjectConfigurationPlatforms) = postSolution
		{BB00D45C-9B3B-4A91-8C66-8A202B331D38}.Debug|Any CPU.ActiveCfg = Debug|Any CPU
		{BB00D45C-9B3B-4A91-8C66-8A202B331D38}.Debug|Any CPU.Build.0 = Debug|Any CPU
		{BB00D45C-9B3B-4A91-8C66-8A202B331D38}.Release|Any CPU.ActiveCfg = Release|Any CPU
		{BB00D45C-9B3B-4A91-8C66-8A202B331D38}.Release|Any CPU.Build.0 = Release|Any CPU
	EndGlobalSection
	GlobalSection(SolutionProperties) = preSolution
		HideSolutionNode = FALSE
	EndGlobalSection
	GlobalSection(ExtensibilityGlobals) = postSolution
		SolutionGuid = {041BEE8D-7579-4964-97BB-7EF8493B9EE9}
	EndGlobalSection
EndGlobal
